// !$*UTF8*$!
{
	archiveVersion = 1;
	classes = {
	};
	objectVersion = 46;
	objects = {

/* Begin PBXBuildFile section */
		4846C2E21E8A350A0081AC8E /* appIcon.png in Resources */ = {isa = PBXBuildFile; fileRef = 4846C2E11E8A350A0081AC8E /* appIcon.png */; };
		48538F6E1E838010004590F1 /* TableViewController.swift in Sources */ = {isa = PBXBuildFile; fileRef = 48538F6D1E838010004590F1 /* TableViewController.swift */; };
		488A3D4C1E87A30900A9065A /* ViewControllertestforhighscores.swift in Sources */ = {isa = PBXBuildFile; fileRef = 488A3D4B1E87A30900A9065A /* ViewControllertestforhighscores.swift */; };
		489E2DB81E7F695D00CCE7A4 /* AppDelegate.swift in Sources */ = {isa = PBXBuildFile; fileRef = 489E2DB71E7F695D00CCE7A4 /* AppDelegate.swift */; };
		489E2DBA1E7F695D00CCE7A4 /* ViewController.swift in Sources */ = {isa = PBXBuildFile; fileRef = 489E2DB91E7F695D00CCE7A4 /* ViewController.swift */; };
		489E2DBD1E7F695D00CCE7A4 /* Main.storyboard in Resources */ = {isa = PBXBuildFile; fileRef = 489E2DBB1E7F695D00CCE7A4 /* Main.storyboard */; };
		489E2DBF1E7F695D00CCE7A4 /* Assets.xcassets in Resources */ = {isa = PBXBuildFile; fileRef = 489E2DBE1E7F695D00CCE7A4 /* Assets.xcassets */; };
		489E2DC21E7F695D00CCE7A4 /* LaunchScreen.storyboard in Resources */ = {isa = PBXBuildFile; fileRef = 489E2DC01E7F695D00CCE7A4 /* LaunchScreen.storyboard */; };
		489E2E0D1E7F697700CCE7A4 /* back-main.jpg in Resources */ = {isa = PBXBuildFile; fileRef = 489E2DCA1E7F697700CCE7A4 /* back-main.jpg */; };
		489E2E0E1E7F697700CCE7A4 /* balloon-game-logo1.png in Resources */ = {isa = PBXBuildFile; fileRef = 489E2DCB1E7F697700CCE7A4 /* balloon-game-logo1.png */; };
		489E2E0F1E7F697700CCE7A4 /* balloon-game-logo2.png in Resources */ = {isa = PBXBuildFile; fileRef = 489E2DCC1E7F697700CCE7A4 /* balloon-game-logo2.png */; };
		489E2E101E7F697700CCE7A4 /* balloon-game-logo3.png in Resources */ = {isa = PBXBuildFile; fileRef = 489E2DCD1E7F697700CCE7A4 /* balloon-game-logo3.png */; };
		489E2E111E7F697700CCE7A4 /* bomb.png in Resources */ = {isa = PBXBuildFile; fileRef = 489E2DCF1E7F697700CCE7A4 /* bomb.png */; };
		489E2E121E7F697700CCE7A4 /* cartoon-number-0.png in Resources */ = {isa = PBXBuildFile; fileRef = 489E2DD01E7F697700CCE7A4 /* cartoon-number-0.png */; };
		489E2E131E7F697700CCE7A4 /* cartoon-number-1.png in Resources */ = {isa = PBXBuildFile; fileRef = 489E2DD11E7F697700CCE7A4 /* cartoon-number-1.png */; };
		489E2E141E7F697700CCE7A4 /* cartoon-number-2.png in Resources */ = {isa = PBXBuildFile; fileRef = 489E2DD21E7F697700CCE7A4 /* cartoon-number-2.png */; };
		489E2E151E7F697700CCE7A4 /* cartoon-number-3.png in Resources */ = {isa = PBXBuildFile; fileRef = 489E2DD31E7F697700CCE7A4 /* cartoon-number-3.png */; };
		489E2E161E7F697700CCE7A4 /* cartoon-number-4.png in Resources */ = {isa = PBXBuildFile; fileRef = 489E2DD41E7F697700CCE7A4 /* cartoon-number-4.png */; };
		489E2E171E7F697700CCE7A4 /* cartoon-number-5.png in Resources */ = {isa = PBXBuildFile; fileRef = 489E2DD51E7F697700CCE7A4 /* cartoon-number-5.png */; };
		489E2E181E7F697700CCE7A4 /* cartoon-number-6.png in Resources */ = {isa = PBXBuildFile; fileRef = 489E2DD61E7F697700CCE7A4 /* cartoon-number-6.png */; };
		489E2E191E7F697700CCE7A4 /* cartoon-number-7.png in Resources */ = {isa = PBXBuildFile; fileRef = 489E2DD71E7F697700CCE7A4 /* cartoon-number-7.png */; };
		489E2E1A1E7F697700CCE7A4 /* cartoon-number-8.png in Resources */ = {isa = PBXBuildFile; fileRef = 489E2DD81E7F697700CCE7A4 /* cartoon-number-8.png */; };
		489E2E1B1E7F697700CCE7A4 /* cartoon-number-9.png in Resources */ = {isa = PBXBuildFile; fileRef = 489E2DD91E7F697700CCE7A4 /* cartoon-number-9.png */; };
		489E2E1C1E7F697700CCE7A4 /* color1.png in Resources */ = {isa = PBXBuildFile; fileRef = 489E2DDA1E7F697700CCE7A4 /* color1.png */; };
		489E2E1D1E7F697700CCE7A4 /* color10.png in Resources */ = {isa = PBXBuildFile; fileRef = 489E2DDB1E7F697700CCE7A4 /* color10.png */; };
		489E2E1E1E7F697700CCE7A4 /* color2.png in Resources */ = {isa = PBXBuildFile; fileRef = 489E2DDC1E7F697700CCE7A4 /* color2.png */; };
		489E2E1F1E7F697700CCE7A4 /* color3.png in Resources */ = {isa = PBXBuildFile; fileRef = 489E2DDD1E7F697700CCE7A4 /* color3.png */; };
		489E2E201E7F697700CCE7A4 /* color4.png in Resources */ = {isa = PBXBuildFile; fileRef = 489E2DDE1E7F697700CCE7A4 /* color4.png */; };
		489E2E211E7F697700CCE7A4 /* color5.png in Resources */ = {isa = PBXBuildFile; fileRef = 489E2DDF1E7F697700CCE7A4 /* color5.png */; };
		489E2E221E7F697700CCE7A4 /* color6.png in Resources */ = {isa = PBXBuildFile; fileRef = 489E2DE01E7F697700CCE7A4 /* color6.png */; };
		489E2E231E7F697700CCE7A4 /* color7.png in Resources */ = {isa = PBXBuildFile; fileRef = 489E2DE11E7F697700CCE7A4 /* color7.png */; };
		489E2E241E7F697700CCE7A4 /* color8.png in Resources */ = {isa = PBXBuildFile; fileRef = 489E2DE21E7F697700CCE7A4 /* color8.png */; };
		489E2E251E7F697700CCE7A4 /* color9.png in Resources */ = {isa = PBXBuildFile; fileRef = 489E2DE31E7F697700CCE7A4 /* color9.png */; };
		489E2E261E7F697700CCE7A4 /* skull.png in Resources */ = {isa = PBXBuildFile; fileRef = 489E2DE41E7F697700CCE7A4 /* skull.png */; };
		489E2E271E7F697700CCE7A4 /* sky-background.jpg in Resources */ = {isa = PBXBuildFile; fileRef = 489E2DE51E7F697700CCE7A4 /* sky-background.jpg */; };
		489E2E281E7F697700CCE7A4 /* star.png in Resources */ = {isa = PBXBuildFile; fileRef = 489E2DE61E7F697700CCE7A4 /* star.png */; };
		489E2E291E7F697700CCE7A4 /* easy.png in Resources */ = {isa = PBXBuildFile; fileRef = 489E2DE71E7F697700CCE7A4 /* easy.png */; };
		489E2E2A1E7F697700CCE7A4 /* hard.png in Resources */ = {isa = PBXBuildFile; fileRef = 489E2DE81E7F697700CCE7A4 /* hard.png */; };
		489E2E2B1E7F697700CCE7A4 /* medium.png in Resources */ = {isa = PBXBuildFile; fileRef = 489E2DE91E7F697700CCE7A4 /* medium.png */; };
		489E2E2C1E7F697700CCE7A4 /* 1.png in Resources */ = {isa = PBXBuildFile; fileRef = 489E2DEB1E7F697700CCE7A4 /* 1.png */; };
		489E2E2D1E7F697700CCE7A4 /* 10.png in Resources */ = {isa = PBXBuildFile; fileRef = 489E2DEC1E7F697700CCE7A4 /* 10.png */; };
		489E2E2E1E7F697700CCE7A4 /* 2.png in Resources */ = {isa = PBXBuildFile; fileRef = 489E2DED1E7F697700CCE7A4 /* 2.png */; };
		489E2E2F1E7F697700CCE7A4 /* 3.png in Resources */ = {isa = PBXBuildFile; fileRef = 489E2DEE1E7F697700CCE7A4 /* 3.png */; };
		489E2E301E7F697700CCE7A4 /* 4.png in Resources */ = {isa = PBXBuildFile; fileRef = 489E2DEF1E7F697700CCE7A4 /* 4.png */; };
		489E2E311E7F697700CCE7A4 /* 5.png in Resources */ = {isa = PBXBuildFile; fileRef = 489E2DF01E7F697700CCE7A4 /* 5.png */; };
		489E2E321E7F697700CCE7A4 /* 6.png in Resources */ = {isa = PBXBuildFile; fileRef = 489E2DF11E7F697700CCE7A4 /* 6.png */; };
		489E2E331E7F697700CCE7A4 /* 7.png in Resources */ = {isa = PBXBuildFile; fileRef = 489E2DF21E7F697700CCE7A4 /* 7.png */; };
		489E2E341E7F697700CCE7A4 /* 8.png in Resources */ = {isa = PBXBuildFile; fileRef = 489E2DF31E7F697700CCE7A4 /* 8.png */; };
		489E2E351E7F697700CCE7A4 /* 9.png in Resources */ = {isa = PBXBuildFile; fileRef = 489E2DF41E7F697700CCE7A4 /* 9.png */; };
		489E2E361E7F697700CCE7A4 /* background.jpg in Resources */ = {isa = PBXBuildFile; fileRef = 489E2DF51E7F697700CCE7A4 /* background.jpg */; };
		489E2E371E7F697700CCE7A4 /* question.png in Resources */ = {isa = PBXBuildFile; fileRef = 489E2DF61E7F697700CCE7A4 /* question.png */; };
		489E2E381E7F697700CCE7A4 /* memory.png in Resources */ = {isa = PBXBuildFile; fileRef = 489E2DF71E7F697700CCE7A4 /* memory.png */; };
		489E2E391E7F697700CCE7A4 /* PlayButton.png in Resources */ = {isa = PBXBuildFile; fileRef = 489E2DF81E7F697700CCE7A4 /* PlayButton.png */; };
		489E2E3A1E7F697700CCE7A4 /* score.png in Resources */ = {isa = PBXBuildFile; fileRef = 489E2DF91E7F697700CCE7A4 /* score.png */; };
		489E2E3B1E7F697700CCE7A4 /* 1-1.png in Resources */ = {isa = PBXBuildFile; fileRef = 489E2DFB1E7F697700CCE7A4 /* 1-1.png */; };
		489E2E3C1E7F697700CCE7A4 /* 1-2.png in Resources */ = {isa = PBXBuildFile; fileRef = 489E2DFC1E7F697700CCE7A4 /* 1-2.png */; };
		489E2E3D1E7F697700CCE7A4 /* 1-3.png in Resources */ = {isa = PBXBuildFile; fileRef = 489E2DFD1E7F697700CCE7A4 /* 1-3.png */; };
		489E2E3E1E7F697700CCE7A4 /* 1-4.png in Resources */ = {isa = PBXBuildFile; fileRef = 489E2DFE1E7F697700CCE7A4 /* 1-4.png */; };
		489E2E3F1E7F697700CCE7A4 /* 1-5.png in Resources */ = {isa = PBXBuildFile; fileRef = 489E2DFF1E7F697700CCE7A4 /* 1-5.png */; };
		489E2E401E7F697700CCE7A4 /* 2-1.png in Resources */ = {isa = PBXBuildFile; fileRef = 489E2E001E7F697700CCE7A4 /* 2-1.png */; };
		489E2E411E7F697700CCE7A4 /* 2-2.png in Resources */ = {isa = PBXBuildFile; fileRef = 489E2E011E7F697700CCE7A4 /* 2-2.png */; };
		489E2E421E7F697700CCE7A4 /* 2-3.png in Resources */ = {isa = PBXBuildFile; fileRef = 489E2E021E7F697700CCE7A4 /* 2-3.png */; };
		489E2E431E7F697700CCE7A4 /* 2-4.png in Resources */ = {isa = PBXBuildFile; fileRef = 489E2E031E7F697700CCE7A4 /* 2-4.png */; };
		489E2E441E7F697700CCE7A4 /* 2-5.png in Resources */ = {isa = PBXBuildFile; fileRef = 489E2E041E7F697700CCE7A4 /* 2-5.png */; };
		489E2E451E7F697700CCE7A4 /* 3-1.png in Resources */ = {isa = PBXBuildFile; fileRef = 489E2E051E7F697700CCE7A4 /* 3-1.png */; };
		489E2E461E7F697700CCE7A4 /* 3-2.png in Resources */ = {isa = PBXBuildFile; fileRef = 489E2E061E7F697700CCE7A4 /* 3-2.png */; };
		489E2E471E7F697700CCE7A4 /* 3-3.png in Resources */ = {isa = PBXBuildFile; fileRef = 489E2E071E7F697700CCE7A4 /* 3-3.png */; };
		489E2E481E7F697700CCE7A4 /* 3-4.png in Resources */ = {isa = PBXBuildFile; fileRef = 489E2E081E7F697700CCE7A4 /* 3-4.png */; };
		489E2E491E7F697700CCE7A4 /* 3-5.png in Resources */ = {isa = PBXBuildFile; fileRef = 489E2E091E7F697700CCE7A4 /* 3-5.png */; };
		489E2E4A1E7F697700CCE7A4 /* air-land-water.png in Resources */ = {isa = PBXBuildFile; fileRef = 489E2E0A1E7F697700CCE7A4 /* air-land-water.png */; };
		489E2E4B1E7F697700CCE7A4 /* sorting-icon.png in Resources */ = {isa = PBXBuildFile; fileRef = 489E2E0B1E7F697700CCE7A4 /* sorting-icon.png */; };
		489E2E4C1E7F697700CCE7A4 /* time.png in Resources */ = {isa = PBXBuildFile; fileRef = 489E2E0C1E7F697700CCE7A4 /* time.png */; };
		489E2E4E1E7F98A100CCE7A4 /* MemoryViewController.swift in Sources */ = {isa = PBXBuildFile; fileRef = 489E2E4D1E7F98A100CCE7A4 /* MemoryViewController.swift */; };
		48F0402D1E7FA47100A41B1F /* SortingViewController.swift in Sources */ = {isa = PBXBuildFile; fileRef = 48F0402C1E7FA47100A41B1F /* SortingViewController.swift */; };
		48F0402F1E7FA4AD00A41B1F /* BalloonViewController.swift in Sources */ = {isa = PBXBuildFile; fileRef = 48F0402E1E7FA4AD00A41B1F /* BalloonViewController.swift */; };
/* End PBXBuildFile section */

/* Begin PBXFileReference section */
		4846C2E11E8A350A0081AC8E /* appIcon.png */ = {isa = PBXFileReference; lastKnownFileType = image.png; path = appIcon.png; sourceTree = "<group>"; };
		48538F6D1E838010004590F1 /* TableViewController.swift */ = {isa = PBXFileReference; fileEncoding = 4; lastKnownFileType = sourcecode.swift; name = TableViewController.swift; path = ../TableViewController.swift; sourceTree = "<group>"; };
		488A3D4B1E87A30900A9065A /* ViewControllertestforhighscores.swift */ = {isa = PBXFileReference; fileEncoding = 4; lastKnownFileType = sourcecode.swift; path = ViewControllertestforhighscores.swift; sourceTree = "<group>"; };
		489E2DB41E7F695D00CCE7A4 /* Kids Joy Center.app */ = {isa = PBXFileReference; explicitFileType = wrapper.application; includeInIndex = 0; path = "Kids Joy Center.app"; sourceTree = BUILT_PRODUCTS_DIR; };
		489E2DB71E7F695D00CCE7A4 /* AppDelegate.swift */ = {isa = PBXFileReference; lastKnownFileType = sourcecode.swift; path = AppDelegate.swift; sourceTree = "<group>"; };
		489E2DB91E7F695D00CCE7A4 /* ViewController.swift */ = {isa = PBXFileReference; lastKnownFileType = sourcecode.swift; path = ViewController.swift; sourceTree = "<group>"; };
		489E2DBC1E7F695D00CCE7A4 /* Base */ = {isa = PBXFileReference; lastKnownFileType = file.storyboard; name = Base; path = Base.lproj/Main.storyboard; sourceTree = "<group>"; };
		489E2DBE1E7F695D00CCE7A4 /* Assets.xcassets */ = {isa = PBXFileReference; lastKnownFileType = folder.assetcatalog; path = Assets.xcassets; sourceTree = "<group>"; };
		489E2DC11E7F695D00CCE7A4 /* Base */ = {isa = PBXFileReference; lastKnownFileType = file.storyboard; name = Base; path = Base.lproj/LaunchScreen.storyboard; sourceTree = "<group>"; };
		489E2DC31E7F695D00CCE7A4 /* Info.plist */ = {isa = PBXFileReference; lastKnownFileType = text.plist.xml; path = Info.plist; sourceTree = "<group>"; };
		489E2DCA1E7F697700CCE7A4 /* back-main.jpg */ = {isa = PBXFileReference; lastKnownFileType = image.jpeg; path = "back-main.jpg"; sourceTree = "<group>"; };
		489E2DCB1E7F697700CCE7A4 /* balloon-game-logo1.png */ = {isa = PBXFileReference; lastKnownFileType = image.png; path = "balloon-game-logo1.png"; sourceTree = "<group>"; };
		489E2DCC1E7F697700CCE7A4 /* balloon-game-logo2.png */ = {isa = PBXFileReference; lastKnownFileType = image.png; path = "balloon-game-logo2.png"; sourceTree = "<group>"; };
		489E2DCD1E7F697700CCE7A4 /* balloon-game-logo3.png */ = {isa = PBXFileReference; lastKnownFileType = image.png; path = "balloon-game-logo3.png"; sourceTree = "<group>"; };
		489E2DCF1E7F697700CCE7A4 /* bomb.png */ = {isa = PBXFileReference; lastKnownFileType = image.png; path = bomb.png; sourceTree = "<group>"; };
		489E2DD01E7F697700CCE7A4 /* cartoon-number-0.png */ = {isa = PBXFileReference; lastKnownFileType = image.png; path = "cartoon-number-0.png"; sourceTree = "<group>"; };
		489E2DD11E7F697700CCE7A4 /* cartoon-number-1.png */ = {isa = PBXFileReference; lastKnownFileType = image.png; path = "cartoon-number-1.png"; sourceTree = "<group>"; };
		489E2DD21E7F697700CCE7A4 /* cartoon-number-2.png */ = {isa = PBXFileReference; lastKnownFileType = image.png; path = "cartoon-number-2.png"; sourceTree = "<group>"; };
		489E2DD31E7F697700CCE7A4 /* cartoon-number-3.png */ = {isa = PBXFileReference; lastKnownFileType = image.png; path = "cartoon-number-3.png"; sourceTree = "<group>"; };
		489E2DD41E7F697700CCE7A4 /* cartoon-number-4.png */ = {isa = PBXFileReference; lastKnownFileType = image.png; path = "cartoon-number-4.png"; sourceTree = "<group>"; };
		489E2DD51E7F697700CCE7A4 /* cartoon-number-5.png */ = {isa = PBXFileReference; lastKnownFileType = image.png; path = "cartoon-number-5.png"; sourceTree = "<group>"; };
		489E2DD61E7F697700CCE7A4 /* cartoon-number-6.png */ = {isa = PBXFileReference; lastKnownFileType = image.png; path = "cartoon-number-6.png"; sourceTree = "<group>"; };
		489E2DD71E7F697700CCE7A4 /* cartoon-number-7.png */ = {isa = PBXFileReference; lastKnownFileType = image.png; path = "cartoon-number-7.png"; sourceTree = "<group>"; };
		489E2DD81E7F697700CCE7A4 /* cartoon-number-8.png */ = {isa = PBXFileReference; lastKnownFileType = image.png; path = "cartoon-number-8.png"; sourceTree = "<group>"; };
		489E2DD91E7F697700CCE7A4 /* cartoon-number-9.png */ = {isa = PBXFileReference; lastKnownFileType = image.png; path = "cartoon-number-9.png"; sourceTree = "<group>"; };
		489E2DDA1E7F697700CCE7A4 /* color1.png */ = {isa = PBXFileReference; lastKnownFileType = image.png; path = color1.png; sourceTree = "<group>"; };
		489E2DDB1E7F697700CCE7A4 /* color10.png */ = {isa = PBXFileReference; lastKnownFileType = image.png; path = color10.png; sourceTree = "<group>"; };
		489E2DDC1E7F697700CCE7A4 /* color2.png */ = {isa = PBXFileReference; lastKnownFileType = image.png; path = color2.png; sourceTree = "<group>"; };
		489E2DDD1E7F697700CCE7A4 /* color3.png */ = {isa = PBXFileReference; lastKnownFileType = image.png; path = color3.png; sourceTree = "<group>"; };
		489E2DDE1E7F697700CCE7A4 /* color4.png */ = {isa = PBXFileReference; lastKnownFileType = image.png; path = color4.png; sourceTree = "<group>"; };
		489E2DDF1E7F697700CCE7A4 /* color5.png */ = {isa = PBXFileReference; lastKnownFileType = image.png; path = color5.png; sourceTree = "<group>"; };
		489E2DE01E7F697700CCE7A4 /* color6.png */ = {isa = PBXFileReference; lastKnownFileType = image.png; path = color6.png; sourceTree = "<group>"; };
		489E2DE11E7F697700CCE7A4 /* color7.png */ = {isa = PBXFileReference; lastKnownFileType = image.png; path = color7.png; sourceTree = "<group>"; };
		489E2DE21E7F697700CCE7A4 /* color8.png */ = {isa = PBXFileReference; lastKnownFileType = image.png; path = color8.png; sourceTree = "<group>"; };
		489E2DE31E7F697700CCE7A4 /* color9.png */ = {isa = PBXFileReference; lastKnownFileType = image.png; path = color9.png; sourceTree = "<group>"; };
		489E2DE41E7F697700CCE7A4 /* skull.png */ = {isa = PBXFileReference; lastKnownFileType = image.png; path = skull.png; sourceTree = "<group>"; };
		489E2DE51E7F697700CCE7A4 /* sky-background.jpg */ = {isa = PBXFileReference; lastKnownFileType = image.jpeg; path = "sky-background.jpg"; sourceTree = "<group>"; };
		489E2DE61E7F697700CCE7A4 /* star.png */ = {isa = PBXFileReference; lastKnownFileType = image.png; path = star.png; sourceTree = "<group>"; };
		489E2DE71E7F697700CCE7A4 /* easy.png */ = {isa = PBXFileReference; lastKnownFileType = image.png; path = easy.png; sourceTree = "<group>"; };
		489E2DE81E7F697700CCE7A4 /* hard.png */ = {isa = PBXFileReference; lastKnownFileType = image.png; path = hard.png; sourceTree = "<group>"; };
		489E2DE91E7F697700CCE7A4 /* medium.png */ = {isa = PBXFileReference; lastKnownFileType = image.png; path = medium.png; sourceTree = "<group>"; };
		489E2DEB1E7F697700CCE7A4 /* 1.png */ = {isa = PBXFileReference; lastKnownFileType = image.png; path = 1.png; sourceTree = "<group>"; };
		489E2DEC1E7F697700CCE7A4 /* 10.png */ = {isa = PBXFileReference; lastKnownFileType = image.png; path = 10.png; sourceTree = "<group>"; };
		489E2DED1E7F697700CCE7A4 /* 2.png */ = {isa = PBXFileReference; lastKnownFileType = image.png; path = 2.png; sourceTree = "<group>"; };
		489E2DEE1E7F697700CCE7A4 /* 3.png */ = {isa = PBXFileReference; lastKnownFileType = image.png; path = 3.png; sourceTree = "<group>"; };
		489E2DEF1E7F697700CCE7A4 /* 4.png */ = {isa = PBXFileReference; lastKnownFileType = image.png; path = 4.png; sourceTree = "<group>"; };
		489E2DF01E7F697700CCE7A4 /* 5.png */ = {isa = PBXFileReference; lastKnownFileType = image.png; path = 5.png; sourceTree = "<group>"; };
		489E2DF11E7F697700CCE7A4 /* 6.png */ = {isa = PBXFileReference; lastKnownFileType = image.png; path = 6.png; sourceTree = "<group>"; };
		489E2DF21E7F697700CCE7A4 /* 7.png */ = {isa = PBXFileReference; lastKnownFileType = image.png; path = 7.png; sourceTree = "<group>"; };
		489E2DF31E7F697700CCE7A4 /* 8.png */ = {isa = PBXFileReference; lastKnownFileType = image.png; path = 8.png; sourceTree = "<group>"; };
		489E2DF41E7F697700CCE7A4 /* 9.png */ = {isa = PBXFileReference; lastKnownFileType = image.png; path = 9.png; sourceTree = "<group>"; };
		489E2DF51E7F697700CCE7A4 /* background.jpg */ = {isa = PBXFileReference; lastKnownFileType = image.jpeg; path = background.jpg; sourceTree = "<group>"; };
		489E2DF61E7F697700CCE7A4 /* question.png */ = {isa = PBXFileReference; lastKnownFileType = image.png; path = question.png; sourceTree = "<group>"; };
		489E2DF71E7F697700CCE7A4 /* memory.png */ = {isa = PBXFileReference; lastKnownFileType = image.png; path = memory.png; sourceTree = "<group>"; };
		489E2DF81E7F697700CCE7A4 /* PlayButton.png */ = {isa = PBXFileReference; lastKnownFileType = image.png; path = PlayButton.png; sourceTree = "<group>"; };
		489E2DF91E7F697700CCE7A4 /* score.png */ = {isa = PBXFileReference; lastKnownFileType = image.png; path = score.png; sourceTree = "<group>"; };
		489E2DFB1E7F697700CCE7A4 /* 1-1.png */ = {isa = PBXFileReference; lastKnownFileType = image.png; path = "1-1.png"; sourceTree = "<group>"; };
		489E2DFC1E7F697700CCE7A4 /* 1-2.png */ = {isa = PBXFileReference; lastKnownFileType = image.png; path = "1-2.png"; sourceTree = "<group>"; };
		489E2DFD1E7F697700CCE7A4 /* 1-3.png */ = {isa = PBXFileReference; lastKnownFileType = image.png; path = "1-3.png"; sourceTree = "<group>"; };
		489E2DFE1E7F697700CCE7A4 /* 1-4.png */ = {isa = PBXFileReference; lastKnownFileType = image.png; path = "1-4.png"; sourceTree = "<group>"; };
		489E2DFF1E7F697700CCE7A4 /* 1-5.png */ = {isa = PBXFileReference; lastKnownFileType = image.png; path = "1-5.png"; sourceTree = "<group>"; };
		489E2E001E7F697700CCE7A4 /* 2-1.png */ = {isa = PBXFileReference; lastKnownFileType = image.png; path = "2-1.png"; sourceTree = "<group>"; };
		489E2E011E7F697700CCE7A4 /* 2-2.png */ = {isa = PBXFileReference; lastKnownFileType = image.png; path = "2-2.png"; sourceTree = "<group>"; };
		489E2E021E7F697700CCE7A4 /* 2-3.png */ = {isa = PBXFileReference; lastKnownFileType = image.png; path = "2-3.png"; sourceTree = "<group>"; };
		489E2E031E7F697700CCE7A4 /* 2-4.png */ = {isa = PBXFileReference; lastKnownFileType = image.png; path = "2-4.png"; sourceTree = "<group>"; };
		489E2E041E7F697700CCE7A4 /* 2-5.png */ = {isa = PBXFileReference; lastKnownFileType = image.png; path = "2-5.png"; sourceTree = "<group>"; };
		489E2E051E7F697700CCE7A4 /* 3-1.png */ = {isa = PBXFileReference; lastKnownFileType = image.png; path = "3-1.png"; sourceTree = "<group>"; };
		489E2E061E7F697700CCE7A4 /* 3-2.png */ = {isa = PBXFileReference; lastKnownFileType = image.png; path = "3-2.png"; sourceTree = "<group>"; };
		489E2E071E7F697700CCE7A4 /* 3-3.png */ = {isa = PBXFileReference; lastKnownFileType = image.png; path = "3-3.png"; sourceTree = "<group>"; };
		489E2E081E7F697700CCE7A4 /* 3-4.png */ = {isa = PBXFileReference; lastKnownFileType = image.png; path = "3-4.png"; sourceTree = "<group>"; };
		489E2E091E7F697700CCE7A4 /* 3-5.png */ = {isa = PBXFileReference; lastKnownFileType = image.png; path = "3-5.png"; sourceTree = "<group>"; };
		489E2E0A1E7F697700CCE7A4 /* air-land-water.png */ = {isa = PBXFileReference; lastKnownFileType = image.png; path = "air-land-water.png"; sourceTree = "<group>"; };
		489E2E0B1E7F697700CCE7A4 /* sorting-icon.png */ = {isa = PBXFileReference; lastKnownFileType = image.png; path = "sorting-icon.png"; sourceTree = "<group>"; };
		489E2E0C1E7F697700CCE7A4 /* time.png */ = {isa = PBXFileReference; lastKnownFileType = image.png; path = time.png; sourceTree = "<group>"; };
		489E2E4D1E7F98A100CCE7A4 /* MemoryViewController.swift */ = {isa = PBXFileReference; fileEncoding = 4; lastKnownFileType = sourcecode.swift; path = MemoryViewController.swift; sourceTree = "<group>"; };
		48F0402C1E7FA47100A41B1F /* SortingViewController.swift */ = {isa = PBXFileReference; fileEncoding = 4; lastKnownFileType = sourcecode.swift; path = SortingViewController.swift; sourceTree = "<group>"; };
		48F0402E1E7FA4AD00A41B1F /* BalloonViewController.swift */ = {isa = PBXFileReference; fileEncoding = 4; lastKnownFileType = sourcecode.swift; path = BalloonViewController.swift; sourceTree = "<group>"; };
/* End PBXFileReference section */

/* Begin PBXFrameworksBuildPhase section */
		489E2DB11E7F695D00CCE7A4 /* Frameworks */ = {
			isa = PBXFrameworksBuildPhase;
			buildActionMask = 2147483647;
			files = (
			);
			runOnlyForDeploymentPostprocessing = 0;
		};
/* End PBXFrameworksBuildPhase section */

/* Begin PBXGroup section */
		489E2DAB1E7F695D00CCE7A4 = {
			isa = PBXGroup;
			children = (
				489E2DB61E7F695D00CCE7A4 /* Kids Joy Center */,
				489E2DB51E7F695D00CCE7A4 /* Products */,
			);
			sourceTree = "<group>";
		};
		489E2DB51E7F695D00CCE7A4 /* Products */ = {
			isa = PBXGroup;
			children = (
				489E2DB41E7F695D00CCE7A4 /* Kids Joy Center.app */,
			);
			name = Products;
			sourceTree = "<group>";
		};
		489E2DB61E7F695D00CCE7A4 /* Kids Joy Center */ = {
			isa = PBXGroup;
			children = (
				48538F6D1E838010004590F1 /* TableViewController.swift */,
				489E2DB71E7F695D00CCE7A4 /* AppDelegate.swift */,
				489E2DB91E7F695D00CCE7A4 /* ViewController.swift */,
				489E2DBB1E7F695D00CCE7A4 /* Main.storyboard */,
				488A3D4B1E87A30900A9065A /* ViewControllertestforhighscores.swift */,
				489E2E4D1E7F98A100CCE7A4 /* MemoryViewController.swift */,
				48F0402C1E7FA47100A41B1F /* SortingViewController.swift */,
				48F0402E1E7FA4AD00A41B1F /* BalloonViewController.swift */,
				489E2DBE1E7F695D00CCE7A4 /* Assets.xcassets */,
				489E2DC01E7F695D00CCE7A4 /* LaunchScreen.storyboard */,
				489E2DC91E7F697700CCE7A4 /* A3-image resources */,
				489E2DC31E7F695D00CCE7A4 /* Info.plist */,
			);
			path = "Kids Joy Center";
			sourceTree = "<group>";
		};
		489E2DC91E7F697700CCE7A4 /* A3-image resources */ = {
			isa = PBXGroup;
			children = (
				4846C2E11E8A350A0081AC8E /* appIcon.png */,
				489E2DCA1E7F697700CCE7A4 /* back-main.jpg */,
				489E2DCB1E7F697700CCE7A4 /* balloon-game-logo1.png */,
				489E2DCC1E7F697700CCE7A4 /* balloon-game-logo2.png */,
				489E2DCD1E7F697700CCE7A4 /* balloon-game-logo3.png */,
				489E2DE71E7F697700CCE7A4 /* easy.png */,
				489E2DE81E7F697700CCE7A4 /* hard.png */,
				489E2DE91E7F697700CCE7A4 /* medium.png */,
				489E2DF71E7F697700CCE7A4 /* memory.png */,
				489E2DF81E7F697700CCE7A4 /* PlayButton.png */,
				489E2DF91E7F697700CCE7A4 /* score.png */,
				489E2E0B1E7F697700CCE7A4 /* sorting-icon.png */,
				489E2E0C1E7F697700CCE7A4 /* time.png */,
				489E2DEA1E7F697700CCE7A4 /* memory */,
				489E2DFA1E7F697700CCE7A4 /* sorting */,
				489E2DCE1E7F697700CCE7A4 /* balloons */,
			);
			path = "A3-image resources";
			sourceTree = "<group>";
		};
		489E2DCE1E7F697700CCE7A4 /* balloons */ = {
			isa = PBXGroup;
			children = (
				489E2DCF1E7F697700CCE7A4 /* bomb.png */,
				489E2DD01E7F697700CCE7A4 /* cartoon-number-0.png */,
				489E2DD11E7F697700CCE7A4 /* cartoon-number-1.png */,
				489E2DD21E7F697700CCE7A4 /* cartoon-number-2.png */,
				489E2DD31E7F697700CCE7A4 /* cartoon-number-3.png */,
				489E2DD41E7F697700CCE7A4 /* cartoon-number-4.png */,
				489E2DD51E7F697700CCE7A4 /* cartoon-number-5.png */,
				489E2DD61E7F697700CCE7A4 /* cartoon-number-6.png */,
				489E2DD71E7F697700CCE7A4 /* cartoon-number-7.png */,
				489E2DD81E7F697700CCE7A4 /* cartoon-number-8.png */,
				489E2DD91E7F697700CCE7A4 /* cartoon-number-9.png */,
				489E2DDA1E7F697700CCE7A4 /* color1.png */,
				489E2DDB1E7F697700CCE7A4 /* color10.png */,
				489E2DDC1E7F697700CCE7A4 /* color2.png */,
				489E2DDD1E7F697700CCE7A4 /* color3.png */,
				489E2DDE1E7F697700CCE7A4 /* color4.png */,
				489E2DDF1E7F697700CCE7A4 /* color5.png */,
				489E2DE01E7F697700CCE7A4 /* color6.png */,
				489E2DE11E7F697700CCE7A4 /* color7.png */,
				489E2DE21E7F697700CCE7A4 /* color8.png */,
				489E2DE31E7F697700CCE7A4 /* color9.png */,
				489E2DE41E7F697700CCE7A4 /* skull.png */,
				489E2DE51E7F697700CCE7A4 /* sky-background.jpg */,
				489E2DE61E7F697700CCE7A4 /* star.png */,
			);
			path = balloons;
			sourceTree = "<group>";
		};
		489E2DEA1E7F697700CCE7A4 /* memory */ = {
			isa = PBXGroup;
			children = (
				489E2DEB1E7F697700CCE7A4 /* 1.png */,
				489E2DEC1E7F697700CCE7A4 /* 10.png */,
				489E2DED1E7F697700CCE7A4 /* 2.png */,
				489E2DEE1E7F697700CCE7A4 /* 3.png */,
				489E2DEF1E7F697700CCE7A4 /* 4.png */,
				489E2DF01E7F697700CCE7A4 /* 5.png */,
				489E2DF11E7F697700CCE7A4 /* 6.png */,
				489E2DF21E7F697700CCE7A4 /* 7.png */,
				489E2DF31E7F697700CCE7A4 /* 8.png */,
				489E2DF41E7F697700CCE7A4 /* 9.png */,
				489E2DF51E7F697700CCE7A4 /* background.jpg */,
				489E2DF61E7F697700CCE7A4 /* question.png */,
			);
			path = memory;
			sourceTree = "<group>";
		};
		489E2DFA1E7F697700CCE7A4 /* sorting */ = {
			isa = PBXGroup;
			children = (
				489E2DFB1E7F697700CCE7A4 /* 1-1.png */,
				489E2DFC1E7F697700CCE7A4 /* 1-2.png */,
				489E2DFD1E7F697700CCE7A4 /* 1-3.png */,
				489E2DFE1E7F697700CCE7A4 /* 1-4.png */,
				489E2DFF1E7F697700CCE7A4 /* 1-5.png */,
				489E2E001E7F697700CCE7A4 /* 2-1.png */,
				489E2E011E7F697700CCE7A4 /* 2-2.png */,
				489E2E021E7F697700CCE7A4 /* 2-3.png */,
				489E2E031E7F697700CCE7A4 /* 2-4.png */,
				489E2E041E7F697700CCE7A4 /* 2-5.png */,
				489E2E051E7F697700CCE7A4 /* 3-1.png */,
				489E2E061E7F697700CCE7A4 /* 3-2.png */,
				489E2E071E7F697700CCE7A4 /* 3-3.png */,
				489E2E081E7F697700CCE7A4 /* 3-4.png */,
				489E2E091E7F697700CCE7A4 /* 3-5.png */,
				489E2E0A1E7F697700CCE7A4 /* air-land-water.png */,
			);
			path = sorting;
			sourceTree = "<group>";
		};
/* End PBXGroup section */

/* Begin PBXNativeTarget section */
		489E2DB31E7F695D00CCE7A4 /* Kids Joy Center */ = {
			isa = PBXNativeTarget;
			buildConfigurationList = 489E2DC61E7F695D00CCE7A4 /* Build configuration list for PBXNativeTarget "Kids Joy Center" */;
			buildPhases = (
				489E2DB01E7F695D00CCE7A4 /* Sources */,
				489E2DB11E7F695D00CCE7A4 /* Frameworks */,
				489E2DB21E7F695D00CCE7A4 /* Resources */,
			);
			buildRules = (
			);
			dependencies = (
			);
			name = "Kids Joy Center";
			productName = "Kids Joy Center";
			productReference = 489E2DB41E7F695D00CCE7A4 /* Kids Joy Center.app */;
			productType = "com.apple.product-type.application";
		};
/* End PBXNativeTarget section */

/* Begin PBXProject section */
		489E2DAC1E7F695D00CCE7A4 /* Project object */ = {
			isa = PBXProject;
			attributes = {
				LastSwiftUpdateCheck = 0820;
				LastUpgradeCheck = 0820;
				ORGANIZATIONNAME = Aditya;
				TargetAttributes = {
					489E2DB31E7F695D00CCE7A4 = {
						CreatedOnToolsVersion = 8.2.1;
						DevelopmentTeam = 8B4QBLLSCD;
						ProvisioningStyle = Automatic;
					};
				};
			};
			buildConfigurationList = 489E2DAF1E7F695D00CCE7A4 /* Build configuration list for PBXProject "Kids Joy Center" */;
			compatibilityVersion = "Xcode 3.2";
			developmentRegion = English;
			hasScannedForEncodings = 0;
			knownRegions = (
				en,
				Base,
			);
			mainGroup = 489E2DAB1E7F695D00CCE7A4;
			productRefGroup = 489E2DB51E7F695D00CCE7A4 /* Products */;
			projectDirPath = "";
			projectRoot = "";
			targets = (
				489E2DB31E7F695D00CCE7A4 /* Kids Joy Center */,
			);
		};
/* End PBXProject section */

/* Begin PBXResourcesBuildPhase section */
		489E2DB21E7F695D00CCE7A4 /* Resources */ = {
			isa = PBXResourcesBuildPhase;
			buildActionMask = 2147483647;
			files = (
				489E2E4C1E7F697700CCE7A4 /* time.png in Resources */,
				489E2E421E7F697700CCE7A4 /* 2-3.png in Resources */,
				489E2E471E7F697700CCE7A4 /* 3-3.png in Resources */,
				489E2E221E7F697700CCE7A4 /* color6.png in Resources */,
				4846C2E21E8A350A0081AC8E /* appIcon.png in Resources */,
				489E2E1A1E7F697700CCE7A4 /* cartoon-number-8.png in Resources */,
				489E2E451E7F697700CCE7A4 /* 3-1.png in Resources */,
				489E2E461E7F697700CCE7A4 /* 3-2.png in Resources */,
				489E2DC21E7F695D00CCE7A4 /* LaunchScreen.storyboard in Resources */,
				489E2E391E7F697700CCE7A4 /* PlayButton.png in Resources */,
				489E2E331E7F697700CCE7A4 /* 7.png in Resources */,
				489E2E301E7F697700CCE7A4 /* 4.png in Resources */,
				489E2E3E1E7F697700CCE7A4 /* 1-4.png in Resources */,
				489E2E271E7F697700CCE7A4 /* sky-background.jpg in Resources */,
				489E2E1E1E7F697700CCE7A4 /* color2.png in Resources */,
				489E2E2F1E7F697700CCE7A4 /* 3.png in Resources */,
				489E2E281E7F697700CCE7A4 /* star.png in Resources */,
				489E2E491E7F697700CCE7A4 /* 3-5.png in Resources */,
				489E2E201E7F697700CCE7A4 /* color4.png in Resources */,
				489E2E3D1E7F697700CCE7A4 /* 1-3.png in Resources */,
				489E2E3B1E7F697700CCE7A4 /* 1-1.png in Resources */,
				489E2E241E7F697700CCE7A4 /* color8.png in Resources */,
				489E2E2A1E7F697700CCE7A4 /* hard.png in Resources */,
				489E2E2E1E7F697700CCE7A4 /* 2.png in Resources */,
				489E2E401E7F697700CCE7A4 /* 2-1.png in Resources */,
				489E2E1D1E7F697700CCE7A4 /* color10.png in Resources */,
				489E2E1C1E7F697700CCE7A4 /* color1.png in Resources */,
				489E2E381E7F697700CCE7A4 /* memory.png in Resources */,
				489E2DBF1E7F695D00CCE7A4 /* Assets.xcassets in Resources */,
				489E2E251E7F697700CCE7A4 /* color9.png in Resources */,
				489E2DBD1E7F695D00CCE7A4 /* Main.storyboard in Resources */,
				489E2E2D1E7F697700CCE7A4 /* 10.png in Resources */,
				489E2E291E7F697700CCE7A4 /* easy.png in Resources */,
				489E2E151E7F697700CCE7A4 /* cartoon-number-3.png in Resources */,
				489E2E111E7F697700CCE7A4 /* bomb.png in Resources */,
				489E2E311E7F697700CCE7A4 /* 5.png in Resources */,
				489E2E3A1E7F697700CCE7A4 /* score.png in Resources */,
				489E2E171E7F697700CCE7A4 /* cartoon-number-5.png in Resources */,
				489E2E0D1E7F697700CCE7A4 /* back-main.jpg in Resources */,
				489E2E261E7F697700CCE7A4 /* skull.png in Resources */,
				489E2E191E7F697700CCE7A4 /* cartoon-number-7.png in Resources */,
				489E2E441E7F697700CCE7A4 /* 2-5.png in Resources */,
				489E2E0E1E7F697700CCE7A4 /* balloon-game-logo1.png in Resources */,
				489E2E2B1E7F697700CCE7A4 /* medium.png in Resources */,
				489E2E141E7F697700CCE7A4 /* cartoon-number-2.png in Resources */,
				489E2E4B1E7F697700CCE7A4 /* sorting-icon.png in Resources */,
				489E2E121E7F697700CCE7A4 /* cartoon-number-0.png in Resources */,
				489E2E371E7F697700CCE7A4 /* question.png in Resources */,
				489E2E131E7F697700CCE7A4 /* cartoon-number-1.png in Resources */,
				489E2E481E7F697700CCE7A4 /* 3-4.png in Resources */,
				489E2E211E7F697700CCE7A4 /* color5.png in Resources */,
				489E2E351E7F697700CCE7A4 /* 9.png in Resources */,
				489E2E161E7F697700CCE7A4 /* cartoon-number-4.png in Resources */,
				489E2E181E7F697700CCE7A4 /* cartoon-number-6.png in Resources */,
				489E2E361E7F697700CCE7A4 /* background.jpg in Resources */,
				489E2E3C1E7F697700CCE7A4 /* 1-2.png in Resources */,
				489E2E341E7F697700CCE7A4 /* 8.png in Resources */,
				489E2E1B1E7F697700CCE7A4 /* cartoon-number-9.png in Resources */,
				489E2E431E7F697700CCE7A4 /* 2-4.png in Resources */,
				489E2E1F1E7F697700CCE7A4 /* color3.png in Resources */,
				489E2E231E7F697700CCE7A4 /* color7.png in Resources */,
				489E2E101E7F697700CCE7A4 /* balloon-game-logo3.png in Resources */,
				489E2E4A1E7F697700CCE7A4 /* air-land-water.png in Resources */,
				489E2E411E7F697700CCE7A4 /* 2-2.png in Resources */,
				489E2E0F1E7F697700CCE7A4 /* balloon-game-logo2.png in Resources */,
				489E2E3F1E7F697700CCE7A4 /* 1-5.png in Resources */,
				489E2E2C1E7F697700CCE7A4 /* 1.png in Resources */,
				489E2E321E7F697700CCE7A4 /* 6.png in Resources */,
			);
			runOnlyForDeploymentPostprocessing = 0;
		};
/* End PBXResourcesBuildPhase section */

/* Begin PBXSourcesBuildPhase section */
		489E2DB01E7F695D00CCE7A4 /* Sources */ = {
			isa = PBXSourcesBuildPhase;
			buildActionMask = 2147483647;
			files = (
				48F0402F1E7FA4AD00A41B1F /* BalloonViewController.swift in Sources */,
				48538F6E1E838010004590F1 /* TableViewController.swift in Sources */,
				489E2E4E1E7F98A100CCE7A4 /* MemoryViewController.swift in Sources */,
				489E2DBA1E7F695D00CCE7A4 /* ViewController.swift in Sources */,
				489E2DB81E7F695D00CCE7A4 /* AppDelegate.swift in Sources */,
				488A3D4C1E87A30900A9065A /* ViewControllertestforhighscores.swift in Sources */,
				48F0402D1E7FA47100A41B1F /* SortingViewController.swift in Sources */,
			);
			runOnlyForDeploymentPostprocessing = 0;
		};
/* End PBXSourcesBuildPhase section */

/* Begin PBXVariantGroup section */
		489E2DBB1E7F695D00CCE7A4 /* Main.storyboard */ = {
			isa = PBXVariantGroup;
			children = (
				489E2DBC1E7F695D00CCE7A4 /* Base */,
			);
			name = Main.storyboard;
			sourceTree = "<group>";
		};
		489E2DC01E7F695D00CCE7A4 /* LaunchScreen.storyboard */ = {
			isa = PBXVariantGroup;
			children = (
				489E2DC11E7F695D00CCE7A4 /* Base */,
			);
			name = LaunchScreen.storyboard;
			sourceTree = "<group>";
		};
/* End PBXVariantGroup section */

/* Begin XCBuildConfiguration section */
		489E2DC41E7F695D00CCE7A4 /* Debug */ = {
			isa = XCBuildConfiguration;
			buildSettings = {
				ALWAYS_SEARCH_USER_PATHS = NO;
				CLANG_ANALYZER_NONNULL = YES;
				CLANG_CXX_LANGUAGE_STANDARD = "gnu++0x";
				CLANG_CXX_LIBRARY = "libc++";
				CLANG_ENABLE_MODULES = YES;
				CLANG_ENABLE_OBJC_ARC = YES;
				CLANG_WARN_BOOL_CONVERSION = YES;
				CLANG_WARN_CONSTANT_CONVERSION = YES;
				CLANG_WARN_DIRECT_OBJC_ISA_USAGE = YES_ERROR;
				CLANG_WARN_DOCUMENTATION_COMMENTS = YES;
				CLANG_WARN_EMPTY_BODY = YES;
				CLANG_WARN_ENUM_CONVERSION = YES;
				CLANG_WARN_INFINITE_RECURSION = YES;
				CLANG_WARN_INT_CONVERSION = YES;
				CLANG_WARN_OBJC_ROOT_CLASS = YES_ERROR;
				CLANG_WARN_SUSPICIOUS_MOVE = YES;
				CLANG_WARN_UNREACHABLE_CODE = YES;
				CLANG_WARN__DUPLICATE_METHOD_MATCH = YES;
				"CODE_SIGN_IDENTITY[sdk=iphoneos*]" = "iPhone Developer";
				COPY_PHASE_STRIP = NO;
				DEBUG_INFORMATION_FORMAT = dwarf;
				ENABLE_STRICT_OBJC_MSGSEND = YES;
				ENABLE_TESTABILITY = YES;
				GCC_C_LANGUAGE_STANDARD = gnu99;
				GCC_DYNAMIC_NO_PIC = NO;
				GCC_NO_COMMON_BLOCKS = YES;
				GCC_OPTIMIZATION_LEVEL = 0;
				GCC_PREPROCESSOR_DEFINITIONS = (
					"DEBUG=1",
					"$(inherited)",
				);
				GCC_WARN_64_TO_32_BIT_CONVERSION = YES;
				GCC_WARN_ABOUT_RETURN_TYPE = YES_ERROR;
				GCC_WARN_UNDECLARED_SELECTOR = YES;
				GCC_WARN_UNINITIALIZED_AUTOS = YES_AGGRESSIVE;
				GCC_WARN_UNUSED_FUNCTION = YES;
				GCC_WARN_UNUSED_VARIABLE = YES;
				IPHONEOS_DEPLOYMENT_TARGET = 10.2;
				MTL_ENABLE_DEBUG_INFO = YES;
				ONLY_ACTIVE_ARCH = YES;
				SDKROOT = iphoneos;
				SWIFT_ACTIVE_COMPILATION_CONDITIONS = DEBUG;
				SWIFT_OPTIMIZATION_LEVEL = "-Onone";
				TARGETED_DEVICE_FAMILY = 2;
			};
			name = Debug;
		};
		489E2DC51E7F695D00CCE7A4 /* Release */ = {
			isa = XCBuildConfiguration;
			buildSettings = {
				ALWAYS_SEARCH_USER_PATHS = NO;
				CLANG_ANALYZER_NONNULL = YES;
				CLANG_CXX_LANGUAGE_STANDARD = "gnu++0x";
				CLANG_CXX_LIBRARY = "libc++";
				CLANG_ENABLE_MODULES = YES;
				CLANG_ENABLE_OBJC_ARC = YES;
				CLANG_WARN_BOOL_CONVERSION = YES;
				CLANG_WARN_CONSTANT_CONVERSION = YES;
				CLANG_WARN_DIRECT_OBJC_ISA_USAGE = YES_ERROR;
				CLANG_WARN_DOCUMENTATION_COMMENTS = YES;
				CLANG_WARN_EMPTY_BODY = YES;
				CLANG_WARN_ENUM_CONVERSION = YES;
				CLANG_WARN_INFINITE_RECURSION = YES;
				CLANG_WARN_INT_CONVERSION = YES;
				CLANG_WARN_OBJC_ROOT_CLASS = YES_ERROR;
				CLANG_WARN_SUSPICIOUS_MOVE = YES;
				CLANG_WARN_UNREACHABLE_CODE = YES;
				CLANG_WARN__DUPLICATE_METHOD_MATCH = YES;
				"CODE_SIGN_IDENTITY[sdk=iphoneos*]" = "iPhone Developer";
				COPY_PHASE_STRIP = NO;
				DEBUG_INFORMATION_FORMAT = "dwarf-with-dsym";
				ENABLE_NS_ASSERTIONS = NO;
				ENABLE_STRICT_OBJC_MSGSEND = YES;
				GCC_C_LANGUAGE_STANDARD = gnu99;
				GCC_NO_COMMON_BLOCKS = YES;
				GCC_WARN_64_TO_32_BIT_CONVERSION = YES;
				GCC_WARN_ABOUT_RETURN_TYPE = YES_ERROR;
				GCC_WARN_UNDECLARED_SELECTOR = YES;
				GCC_WARN_UNINITIALIZED_AUTOS = YES_AGGRESSIVE;
				GCC_WARN_UNUSED_FUNCTION = YES;
				GCC_WARN_UNUSED_VARIABLE = YES;
				IPHONEOS_DEPLOYMENT_TARGET = 10.2;
				MTL_ENABLE_DEBUG_INFO = NO;
				SDKROOT = iphoneos;
				SWIFT_OPTIMIZATION_LEVEL = "-Owholemodule";
				TARGETED_DEVICE_FAMILY = 2;
				VALIDATE_PRODUCT = YES;
			};
			name = Release;
		};
		489E2DC71E7F695D00CCE7A4 /* Debug */ = {
			isa = XCBuildConfiguration;
			buildSettings = {
				ASSETCATALOG_COMPILER_APPICON_NAME = AppIcon;
				DEVELOPMENT_TEAM = 8B4QBLLSCD;
				INFOPLIST_FILE = "Kids Joy Center/Info.plist";
				LD_RUNPATH_SEARCH_PATHS = "$(inherited) @executable_path/Frameworks";
				PRODUCT_BUNDLE_IDENTIFIER = "vadrevua.Kids-Joy-Center";
				PRODUCT_NAME = "$(TARGET_NAME)";
				SWIFT_VERSION = 3.0;
			};
			name = Debug;
		};
		489E2DC81E7F695D00CCE7A4 /* Release */ = {
			isa = XCBuildConfiguration;
			buildSettings = {
				ASSETCATALOG_COMPILER_APPICON_NAME = AppIcon;
				DEVELOPMENT_TEAM = 8B4QBLLSCD;
				INFOPLIST_FILE = "Kids Joy Center/Info.plist";
				LD_RUNPATH_SEARCH_PATHS = "$(inherited) @executable_path/Frameworks";
				PRODUCT_BUNDLE_IDENTIFIER = "vadrevua.Kids-Joy-Center";
				PRODUCT_NAME = "$(TARGET_NAME)";
				SWIFT_VERSION = 3.0;
			};
			name = Release;
		};
/* End XCBuildConfiguration section */

/* Begin XCConfigurationList section */
		489E2DAF1E7F695D00CCE7A4 /* Build configuration list for PBXProject "Kids Joy Center" */ = {
			isa = XCConfigurationList;
			buildConfigurations = (
				489E2DC41E7F695D00CCE7A4 /* Debug */,
				489E2DC51E7F695D00CCE7A4 /* Release */,
			);
			defaultConfigurationIsVisible = 0;
			defaultConfigurationName = Release;
		};
		489E2DC61E7F695D00CCE7A4 /* Build configuration list for PBXNativeTarget "Kids Joy Center" */ = {
			isa = XCConfigurationList;
			buildConfigurations = (
				489E2DC71E7F695D00CCE7A4 /* Debug */,
				489E2DC81E7F695D00CCE7A4 /* Release */,
			);
			defaultConfigurationIsVisible = 0;
			defaultConfigurationName = Release;
		};
/* End XCConfigurationList section */
	};
	rootObject = 489E2DAC1E7F695D00CCE7A4 /* Project object */;
}
